
Microsoft Visual Studio Solution File, Format Version 12.00
# Visual Studio Version 16
VisualStudioVersion = 16.0.30503.244
MinimumVisualStudioVersion = 10.0.40219.1
Project("{FAE04EC0-301F-11D3-BF4B-00C04F79EFBC}") = "HelloCSharp.Domain", "HelloCSharp.Domain\HelloCSharp.Domain.csproj", "{89BC9CEB-CC92-41A5-9C64-5CBB33639BB5}"
EndProject
Project("{FAE04EC0-301F-11D3-BF4B-00C04F79EFBC}") = "HelloCSharp.AppCmd", "HelloCSharp.AppCmd\HelloCSharp.AppCmd.csproj", "{1810B21A-934E-4411-9E6E-139B64C9BCB3}"
EndProject
Project("{FAE04EC0-301F-11D3-BF4B-00C04F79EFBC}") = "HelloCSharp.Tools", "HelloCSharp.Tools\HelloCSharp.Tools.csproj", "{6DD05821-CCA7-4389-A32A-E2FE415050F5}"
EndProject
Global
	GlobalSection(SolutionConfigurationPlatforms) = preSolution
		Debug|Any CPU = Debug|Any CPU
		Release|Any CPU = Release|Any CPU
	EndGlobalSection
	GlobalSection(ProjectConfigurationPlatforms) = postSolution
		{89BC9CEB-CC92-41A5-9C64-5CBB33639BB5}.Debug|Any CPU.ActiveCfg = Debug|Any CPU
		{89BC9CEB-CC92-41A5-9C64-5CBB33639BB5}.Debug|Any CPU.Build.0 = Debug|Any CPU
		{89BC9CEB-CC92-41A5-9C64-5CBB33639BB5}.Release|Any CPU.ActiveCfg = Release|Any CPU
		{89BC9CEB-CC92-41A5-9C64-5CBB33639BB5}.Release|Any CPU.Build.0 = Release|Any CPU
		{1810B21A-934E-4411-9E6E-139B64C9BCB3}.Debug|Any CPU.ActiveCfg = Debug|Any CPU
		{1810B21A-934E-4411-9E6E-139B64C9BCB3}.Debug|Any CPU.Build.0 = Debug|Any CPU
		{1810B21A-934E-4411-9E6E-139B64C9BCB3}.Release|Any CPU.ActiveCfg = Release|Any CPU
		{1810B21A-934E-4411-9E6E-139B64C9BCB3}.Release|Any CPU.Build.0 = Release|Any CPU
		{6DD05821-CCA7-4389-A32A-E2FE415050F5}.Debug|Any CPU.ActiveCfg = Debug|Any CPU
		{6DD05821-CCA7-4389-A32A-E2FE415050F5}.Debug|Any CPU.Build.0 = Debug|Any CPU
		{6DD05821-CCA7-4389-A32A-E2FE415050F5}.Release|Any CPU.ActiveCfg = Release|Any CPU
		{6DD05821-CCA7-4389-A32A-E2FE415050F5}.Release|Any CPU.Build.0 = Release|Any CPU
	EndGlobalSection
	GlobalSection(SolutionProperties) = preSolution
		HideSolutionNode = FALSE
	EndGlobalSection
	GlobalSection(ExtensibilityGlobals) = postSolution
		SolutionGuid = {B9DF928C-F0A8-4FB3-BC93-D849D3D8B81A}
	EndGlobalSection
EndGlobal
